
Microsoft Visual Studio Solution File, Format Version 12.00
# Visual Studio Version 16
VisualStudioVersion = 16.0.30120.98
MinimumVisualStudioVersion = 10.0.40219.1
Project("{8BC9CEB8-8B4A-11D0-8D11-00A0C91BC942}") = "App1", "App1\App1.vcxproj", "{92E5CF4A-F6F9-4FF0-A180-C2D4927FE16F}"
EndProject
Global
	GlobalSection(SolutionConfigurationPlatforms) = preSolution
		Debug|ARM = Debug|ARM
		Debug|ARM64 = Debug|ARM64
		Debug|x64 = Debug|x64
		Debug|x86 = Debug|x86
		Release|ARM = Release|ARM
		Release|ARM64 = Release|ARM64
		Release|x64 = Release|x64
		Release|x86 = Release|x86
	EndGlobalSection
	GlobalSection(ProjectConfigurationPlatforms) = postSolution
		{92E5CF4A-F6F9-4FF0-A180-C2D4927FE16F}.Debug|ARM.ActiveCfg = Debug|ARM
		{92E5CF4A-F6F9-4FF0-A180-C2D4927FE16F}.Debug|ARM.Build.0 = Debug|ARM
		{92E5CF4A-F6F9-4FF0-A180-C2D4927FE16F}.Debug|ARM.Deploy.0 = Debug|ARM
		{92E5CF4A-F6F9-4FF0-A180-C2D4927FE16F}.Debug|ARM64.ActiveCfg = Debug|ARM64
		{92E5CF4A-F6F9-4FF0-A180-C2D4927FE16F}.Debug|ARM64.Build.0 = Debug|ARM64
		{92E5CF4A-F6F9-4FF0-A180-C2D4927FE16F}.Debug|ARM64.Deploy.0 = Debug|ARM64
		{92E5CF4A-F6F9-4FF0-A180-C2D4927FE16F}.Debug|x64.ActiveCfg = Debug|x64
		{92E5CF4A-F6F9-4FF0-A180-C2D4927FE16F}.Debug|x64.Build.0 = Debug|x64
		{92E5CF4A-F6F9-4FF0-A180-C2D4927FE16F}.Debug|x64.Deploy.0 = Debug|x64
		{92E5CF4A-F6F9-4FF0-A180-C2D4927FE16F}.Debug|x86.ActiveCfg = Debug|Win32
		{92E5CF4A-F6F9-4FF0-A180-C2D4927FE16F}.Debug|x86.Build.0 = Debug|Win32
		{92E5CF4A-F6F9-4FF0-A180-C2D4927FE16F}.Debug|x86.Deploy.0 = Debug|Win32
		{92E5CF4A-F6F9-4FF0-A180-C2D4927FE16F}.Release|ARM.ActiveCfg = Release|ARM
		{92E5CF4A-F6F9-4FF0-A180-C2D4927FE16F}.Release|ARM.Build.0 = Release|ARM
		{92E5CF4A-F6F9-4FF0-A180-C2D4927FE16F}.Release|ARM.Deploy.0 = Release|ARM
		{92E5CF4A-F6F9-4FF0-A180-C2D4927FE16F}.Release|ARM64.ActiveCfg = Release|ARM64
		{92E5CF4A-F6F9-4FF0-A180-C2D4927FE16F}.Release|ARM64.Build.0 = Release|ARM64
		{92E5CF4A-F6F9-4FF0-A180-C2D4927FE16F}.Release|ARM64.Deploy.0 = Release|ARM64
		{92E5CF4A-F6F9-4FF0-A180-C2D4927FE16F}.Release|x64.ActiveCfg = Release|x64
		{92E5CF4A-F6F9-4FF0-A180-C2D4927FE16F}.Release|x64.Build.0 = Release|x64
		{92E5CF4A-F6F9-4FF0-A180-C2D4927FE16F}.Release|x64.Deploy.0 = Release|x64
		{92E5CF4A-F6F9-4FF0-A180-C2D4927FE16F}.Release|x86.ActiveCfg = Release|Win32
		{92E5CF4A-F6F9-4FF0-A180-C2D4927FE16F}.Release|x86.Build.0 = Release|Win32
		{92E5CF4A-F6F9-4FF0-A180-C2D4927FE16F}.Release|x86.Deploy.0 = Release|Win32
	EndGlobalSection
	GlobalSection(SolutionProperties) = preSolution
		HideSolutionNode = FALSE
	EndGlobalSection
	GlobalSection(ExtensibilityGlobals) = postSolution
		SolutionGuid = {04BBE7A1-F421-4273-AEAE-95FA52020E96}
	EndGlobalSection
EndGlobal
